
Microsoft Visual Studio Solution File, Format Version 12.00
# Visual Studio Version 16
VisualStudioVersion = 16.0.29102.190
MinimumVisualStudioVersion = 10.0.40219.1
Project("{FAE04EC0-301F-11D3-BF4B-00C04F79EFBC}") = "Excercise 3 Timesheets", "Excercise 3 Timesheets\Excercise 3 Timesheets.csproj", "{5CF190D2-A2A5-4A2A-8554-45FF02C859C9}"
EndProject
Global
	GlobalSection(SolutionConfigurationPlatforms) = preSolution
		Debug|Any CPU = Debug|Any CPU
		Release|Any CPU = Release|Any CPU
	EndGlobalSection
	GlobalSection(ProjectConfigurationPlatforms) = postSolution
		{5CF190D2-A2A5-4A2A-8554-45FF02C859C9}.Debug|Any CPU.ActiveCfg = Debug|Any CPU
		{5CF190D2-A2A5-4A2A-8554-45FF02C859C9}.Debug|Any CPU.Build.0 = Debug|Any CPU
		{5CF190D2-A2A5-4A2A-8554-45FF02C859C9}.Release|Any CPU.ActiveCfg = Release|Any CPU
		{5CF190D2-A2A5-4A2A-8554-45FF02C859C9}.Release|Any CPU.Build.0 = Release|Any CPU
	EndGlobalSection
	GlobalSection(SolutionProperties) = preSolution
		HideSolutionNode = FALSE
	EndGlobalSection
	GlobalSection(ExtensibilityGlobals) = postSolution
		SolutionGuid = {F916DE88-A215-40CF-8147-AD98A5BEE6FF}
	EndGlobalSection
EndGlobal
